[root]
name = "rslike"
version = "0.0.1"
dependencies = [
 "tcod 0.3.2 (registry+https://github.com/rust-lang/crates.io-index)",
]

[[package]]
name = "tcod"
version = "0.3.2"
source = "registry+https://github.com/rust-lang/crates.io-index"
dependencies = [
 "tcod-sys 1.5.2 (registry+https://github.com/rust-lang/crates.io-index)",
]

[[package]]
name = "tcod-sys"
version = "1.5.2"
source = "registry+https://github.com/rust-lang/crates.io-index"

